// !$*UTF8*$!
{
	archiveVersion = 1;
	classes = {
	};
	objectVersion = 46;
	objects = {

/* Begin PBXBuildFile section */
		28019CA81B5DEAD9009DBBB3 /* main.m in Sources */ = {isa = PBXBuildFile; fileRef = 28019CA71B5DEAD9009DBBB3 /* main.m */; };
		28019CAB1B5DEAD9009DBBB3 /* AppDelegate.m in Sources */ = {isa = PBXBuildFile; fileRef = 28019CAA1B5DEAD9009DBBB3 /* AppDelegate.m */; };
		28019CAE1B5DEAD9009DBBB3 /* ViewController.mm in Sources */ = {isa = PBXBuildFile; fileRef = 28019CAD1B5DEAD9009DBBB3 /* ViewController.mm */; };
		28019CB31B5DEAD9009DBBB3 /* Images.xcassets in Resources */ = {isa = PBXBuildFile; fileRef = 28019CB21B5DEAD9009DBBB3 /* Images.xcassets */; };
		2817DAEA1C8EE2D0002234F7 /* ip in Resources */ = {isa = PBXBuildFile; fileRef = 2817DAE91C8EE2D0002234F7 /* ip */; };
		288E51D41B67920C001AB50F /* ViewController.json in Resources */ = {isa = PBXBuildFile; fileRef = 288E51CE1B67920C001AB50F /* ViewController.json */; };
		288E51D51B67920C001AB50F /* style.json in Resources */ = {isa = PBXBuildFile; fileRef = 288E51CF1B67920C001AB50F /* style.json */; };
		288E51D81B67920C001AB50F /* common.json in Resources */ = {isa = PBXBuildFile; fileRef = 288E51D31B67920C001AB50F /* common.json */; };
		28ACB49C1C929B74007BAEE2 /* TestAViewController.json in Resources */ = {isa = PBXBuildFile; fileRef = 28ACB49B1C929B74007BAEE2 /* TestAViewController.json */; };
		28D5B5441C51F48E00CB9817 /* EALayout.framework in Frameworks */ = {isa = PBXBuildFile; fileRef = 28D5B5431C51F48E00CB9817 /* EALayout.framework */; };
		28DBBB641B67970200CEF1E3 /* testicon@2x.jpg in Resources */ = {isa = PBXBuildFile; fileRef = 28DBBB621B67970200CEF1E3 /* testicon@2x.jpg */; };
		28DBBB651B67970200CEF1E3 /* 1024x682@2x.jpg in Resources */ = {isa = PBXBuildFile; fileRef = 28DBBB631B67970200CEF1E3 /* 1024x682@2x.jpg */; };
/* End PBXBuildFile section */

/* Begin PBXFileReference section */
		28019CA21B5DEAD9009DBBB3 /* EALayoutLiteForOC.app */ = {isa = PBXFileReference; explicitFileType = wrapper.application; includeInIndex = 0; path = EALayoutLiteForOC.app; sourceTree = BUILT_PRODUCTS_DIR; };
		28019CA61B5DEAD9009DBBB3 /* Info.plist */ = {isa = PBXFileReference; lastKnownFileType = text.plist.xml; path = Info.plist; sourceTree = "<group>"; };
		28019CA71B5DEAD9009DBBB3 /* main.m */ = {isa = PBXFileReference; lastKnownFileType = sourcecode.c.objc; path = main.m; sourceTree = "<group>"; };
		28019CA91B5DEAD9009DBBB3 /* AppDelegate.h */ = {isa = PBXFileReference; lastKnownFileType = sourcecode.c.h; path = AppDelegate.h; sourceTree = "<group>"; };
		28019CAA1B5DEAD9009DBBB3 /* AppDelegate.m */ = {isa = PBXFileReference; lastKnownFileType = sourcecode.c.objc; path = AppDelegate.m; sourceTree = "<group>"; };
		28019CAC1B5DEAD9009DBBB3 /* ViewController.h */ = {isa = PBXFileReference; lastKnownFileType = sourcecode.c.h; path = ViewController.h; sourceTree = "<group>"; };
		28019CAD1B5DEAD9009DBBB3 /* ViewController.mm */ = {isa = PBXFileReference; lastKnownFileType = sourcecode.cpp.objcpp; path = ViewController.mm; sourceTree = "<group>"; };
		28019CB21B5DEAD9009DBBB3 /* Images.xcassets */ = {isa = PBXFileReference; lastKnownFileType = folder.assetcatalog; path = Images.xcassets; sourceTree = "<group>"; };
		28019CDE1B5DEE1D009DBBB3 /* EALayoutLiteForOC.pch */ = {isa = PBXFileReference; fileEncoding = 4; lastKnownFileType = sourcecode.c.h; path = EALayoutLiteForOC.pch; sourceTree = "<group>"; };
		2817DAE91C8EE2D0002234F7 /* ip */ = {isa = PBXFileReference; fileEncoding = 4; lastKnownFileType = text; name = ip; path = EALayoutLiteForOC/Resources/ip; sourceTree = "<group>"; };
		288E51CE1B67920C001AB50F /* ViewController.json */ = {isa = PBXFileReference; fileEncoding = 4; lastKnownFileType = text.json; name = ViewController.json; path = EALayoutLiteForOC/Resources/ViewController.json; sourceTree = "<group>"; };
		288E51CF1B67920C001AB50F /* style.json */ = {isa = PBXFileReference; fileEncoding = 4; lastKnownFileType = text.json; name = style.json; path = EALayoutLiteForOC/Resources/style.json; sourceTree = "<group>"; };
		288E51D31B67920C001AB50F /* common.json */ = {isa = PBXFileReference; fileEncoding = 4; lastKnownFileType = text.json; name = common.json; path = EALayoutLiteForOC/Resources/common.json; sourceTree = "<group>"; };
		28ACB49B1C929B74007BAEE2 /* TestAViewController.json */ = {isa = PBXFileReference; fileEncoding = 4; lastKnownFileType = text.json; name = TestAViewController.json; path = EALayoutLiteForOC/Resources/TestAViewController.json; sourceTree = "<group>"; };
		28D5B5431C51F48E00CB9817 /* EALayout.framework */ = {isa = PBXFileReference; lastKnownFileType = wrapper.framework; name = EALayout.framework; path = "EALayout/build/Debug-iphoneos/EALayout.framework"; sourceTree = "<group>"; };
		28DBBB621B67970200CEF1E3 /* testicon@2x.jpg */ = {isa = PBXFileReference; lastKnownFileType = image.jpeg; name = "testicon@2x.jpg"; path = "../EALayoutLite/EALayoutLite/Resources/testicon@2x.jpg"; sourceTree = "<group>"; };
		28DBBB631B67970200CEF1E3 /* 1024x682@2x.jpg */ = {isa = PBXFileReference; lastKnownFileType = image.jpeg; name = "1024x682@2x.jpg"; path = "../EALayoutLite/EALayoutLite/Resources/1024x682@2x.jpg"; sourceTree = "<group>"; };
/* End PBXFileReference section */

/* Begin PBXFrameworksBuildPhase section */
		28019C9F1B5DEAD9009DBBB3 /* Frameworks */ = {
			isa = PBXFrameworksBuildPhase;
			buildActionMask = 2147483647;
			files = (
				28D5B5441C51F48E00CB9817 /* EALayout.framework in Frameworks */,
			);
			runOnlyForDeploymentPostprocessing = 0;
		};
/* End PBXFrameworksBuildPhase section */

/* Begin PBXGroup section */
		28019C991B5DEAD9009DBBB3 = {
			isa = PBXGroup;
			children = (
				28D5B5431C51F48E00CB9817 /* EALayout.framework */,
				28019CE11B5DF6ED009DBBB3 /* Resrouces */,
				28019CA41B5DEAD9009DBBB3 /* EALayoutLiteForOC */,
				28019CA31B5DEAD9009DBBB3 /* Products */,
			);
			sourceTree = "<group>";
		};
		28019CA31B5DEAD9009DBBB3 /* Products */ = {
			isa = PBXGroup;
			children = (
				28019CA21B5DEAD9009DBBB3 /* EALayoutLiteForOC.app */,
			);
			name = Products;
			sourceTree = "<group>";
		};
		28019CA41B5DEAD9009DBBB3 /* EALayoutLiteForOC */ = {
			isa = PBXGroup;
			children = (
				28019CA91B5DEAD9009DBBB3 /* AppDelegate.h */,
				28019CAA1B5DEAD9009DBBB3 /* AppDelegate.m */,
				28019CAC1B5DEAD9009DBBB3 /* ViewController.h */,
				28019CAD1B5DEAD9009DBBB3 /* ViewController.mm */,
				28019CB21B5DEAD9009DBBB3 /* Images.xcassets */,
				28019CA51B5DEAD9009DBBB3 /* Supporting Files */,
			);
			path = EALayoutLiteForOC;
			sourceTree = "<group>";
		};
		28019CA51B5DEAD9009DBBB3 /* Supporting Files */ = {
			isa = PBXGroup;
			children = (
				28019CA61B5DEAD9009DBBB3 /* Info.plist */,
				28019CA71B5DEAD9009DBBB3 /* main.m */,
				28019CDE1B5DEE1D009DBBB3 /* EALayoutLiteForOC.pch */,
			);
			name = "Supporting Files";
			sourceTree = "<group>";
		};
		28019CE11B5DF6ED009DBBB3 /* Resrouces */ = {
			isa = PBXGroup;
			children = (
				28ACB49B1C929B74007BAEE2 /* TestAViewController.json */,
				2817DAE91C8EE2D0002234F7 /* ip */,
				28DBBB621B67970200CEF1E3 /* testicon@2x.jpg */,
				28DBBB631B67970200CEF1E3 /* 1024x682@2x.jpg */,
				288E51CE1B67920C001AB50F /* ViewController.json */,
				288E51CF1B67920C001AB50F /* style.json */,
				288E51D31B67920C001AB50F /* common.json */,
			);
			name = Resrouces;
			sourceTree = "<group>";
		};
/* End PBXGroup section */

/* Begin PBXNativeTarget section */
		28019CA11B5DEAD9009DBBB3 /* EALayoutLiteForOC */ = {
			isa = PBXNativeTarget;
			buildConfigurationList = 28019CC51B5DEAD9009DBBB3 /* Build configuration list for PBXNativeTarget "EALayoutLiteForOC" */;
			buildPhases = (
				2817DAE81C8EE279002234F7 /* ShellScript */,
				28019C9E1B5DEAD9009DBBB3 /* Sources */,
				28019C9F1B5DEAD9009DBBB3 /* Frameworks */,
				28019CA01B5DEAD9009DBBB3 /* Resources */,
			);
			buildRules = (
			);
			dependencies = (
			);
			name = EALayoutLiteForOC;
			productName = EALayoutLiteForOC;
			productReference = 28019CA21B5DEAD9009DBBB3 /* EALayoutLiteForOC.app */;
			productType = "com.apple.product-type.application";
		};
/* End PBXNativeTarget section */

/* Begin PBXProject section */
		28019C9A1B5DEAD9009DBBB3 /* Project object */ = {
			isa = PBXProject;
			attributes = {
				LastUpgradeCheck = 0800;
				ORGANIZATIONNAME = easycoding;
				TargetAttributes = {
					28019CA11B5DEAD9009DBBB3 = {
						CreatedOnToolsVersion = 6.4;
						DevelopmentTeam = ZU7UBYNYGR;
					};
				};
			};
			buildConfigurationList = 28019C9D1B5DEAD9009DBBB3 /* Build configuration list for PBXProject "EALayoutLiteForOC" */;
			compatibilityVersion = "Xcode 3.2";
			developmentRegion = English;
			hasScannedForEncodings = 0;
			knownRegions = (
				en,
				Base,
			);
			mainGroup = 28019C991B5DEAD9009DBBB3;
			productRefGroup = 28019CA31B5DEAD9009DBBB3 /* Products */;
			projectDirPath = "";
			projectRoot = "";
			targets = (
				28019CA11B5DEAD9009DBBB3 /* EALayoutLiteForOC */,
			);
		};
/* End PBXProject section */

/* Begin PBXResourcesBuildPhase section */
		28019CA01B5DEAD9009DBBB3 /* Resources */ = {
			isa = PBXResourcesBuildPhase;
			buildActionMask = 2147483647;
			files = (
				28ACB49C1C929B74007BAEE2 /* TestAViewController.json in Resources */,
				288E51D51B67920C001AB50F /* style.json in Resources */,
				288E51D41B67920C001AB50F /* ViewController.json in Resources */,
				28019CB31B5DEAD9009DBBB3 /* Images.xcassets in Resources */,
				288E51D81B67920C001AB50F /* common.json in Resources */,
				28DBBB641B67970200CEF1E3 /* testicon@2x.jpg in Resources */,
				2817DAEA1C8EE2D0002234F7 /* ip in Resources */,
				28DBBB651B67970200CEF1E3 /* 1024x682@2x.jpg in Resources */,
			);
			runOnlyForDeploymentPostprocessing = 0;
		};
/* End PBXResourcesBuildPhase section */

/* Begin PBXShellScriptBuildPhase section */
		2817DAE81C8EE279002234F7 /* ShellScript */ = {
			isa = PBXShellScriptBuildPhase;
			buildActionMask = 2147483647;
			files = (
			);
			inputPaths = (
			);
			outputPaths = (
			);
			runOnlyForDeploymentPostprocessing = 0;
			shellPath = /bin/sh;
			shellScript = "ifconfig -a|awk '/(cast)/ {print $2}' | cut -d ':' -f2 | head -1 > $PROJECT_DIR/EALayoutLiteForOC/Resources/ip";
		};
/* End PBXShellScriptBuildPhase section */

/* Begin PBXSourcesBuildPhase section */
		28019C9E1B5DEAD9009DBBB3 /* Sources */ = {
			isa = PBXSourcesBuildPhase;
			buildActionMask = 2147483647;
			files = (
				28019CAE1B5DEAD9009DBBB3 /* ViewController.mm in Sources */,
				28019CAB1B5DEAD9009DBBB3 /* AppDelegate.m in Sources */,
				28019CA81B5DEAD9009DBBB3 /* main.m in Sources */,
			);
			runOnlyForDeploymentPostprocessing = 0;
		};
/* End PBXSourcesBuildPhase section */

/* Begin XCBuildConfiguration section */
		28019CC31B5DEAD9009DBBB3 /* Debug */ = {
			isa = XCBuildConfiguration;
			buildSettings = {
				ALWAYS_SEARCH_USER_PATHS = NO;
				CLANG_CXX_LANGUAGE_STANDARD = "gnu++0x";
				CLANG_CXX_LIBRARY = "libc++";
				CLANG_ENABLE_MODULES = YES;
				CLANG_ENABLE_OBJC_ARC = YES;
				CLANG_WARN_BOOL_CONVERSION = YES;
				CLANG_WARN_CONSTANT_CONVERSION = YES;
				CLANG_WARN_DIRECT_OBJC_ISA_USAGE = YES_ERROR;
				CLANG_WARN_EMPTY_BODY = YES;
				CLANG_WARN_ENUM_CONVERSION = YES;
				CLANG_WARN_INFINITE_RECURSION = YES;
				CLANG_WARN_INT_CONVERSION = YES;
				CLANG_WARN_OBJC_ROOT_CLASS = YES_ERROR;
				CLANG_WARN_SUSPICIOUS_MOVE = YES;
				CLANG_WARN_UNREACHABLE_CODE = YES;
				CLANG_WARN__DUPLICATE_METHOD_MATCH = YES;
				"CODE_SIGN_IDENTITY[sdk=iphoneos*]" = "iPhone Developer";
				COPY_PHASE_STRIP = NO;
				DEBUG_INFORMATION_FORMAT = "dwarf-with-dsym";
				ENABLE_STRICT_OBJC_MSGSEND = YES;
				ENABLE_TESTABILITY = YES;
				GCC_C_LANGUAGE_STANDARD = gnu99;
				GCC_DYNAMIC_NO_PIC = NO;
				GCC_NO_COMMON_BLOCKS = YES;
				GCC_OPTIMIZATION_LEVEL = 0;
				GCC_PREPROCESSOR_DEFINITIONS = (
					"DEBUG=1",
					"$(inherited)",
				);
				GCC_SYMBOLS_PRIVATE_EXTERN = NO;
				GCC_WARN_64_TO_32_BIT_CONVERSION = YES;
				GCC_WARN_ABOUT_RETURN_TYPE = YES_ERROR;
				GCC_WARN_UNDECLARED_SELECTOR = YES;
				GCC_WARN_UNINITIALIZED_AUTOS = YES_AGGRESSIVE;
				GCC_WARN_UNUSED_FUNCTION = YES;
				GCC_WARN_UNUSED_VARIABLE = YES;
				IPHONEOS_DEPLOYMENT_TARGET = 8.0;
				MTL_ENABLE_DEBUG_INFO = YES;
				ONLY_ACTIVE_ARCH = YES;
				SDKROOT = iphoneos;
			};
			name = Debug;
		};
		28019CC41B5DEAD9009DBBB3 /* Release */ = {
			isa = XCBuildConfiguration;
			buildSettings = {
				ALWAYS_SEARCH_USER_PATHS = NO;
				CLANG_CXX_LANGUAGE_STANDARD = "gnu++0x";
				CLANG_CXX_LIBRARY = "libc++";
				CLANG_ENABLE_MODULES = YES;
				CLANG_ENABLE_OBJC_ARC = YES;
				CLANG_WARN_BOOL_CONVERSION = YES;
				CLANG_WARN_CONSTANT_CONVERSION = YES;
				CLANG_WARN_DIRECT_OBJC_ISA_USAGE = YES_ERROR;
				CLANG_WARN_EMPTY_BODY = YES;
				CLANG_WARN_ENUM_CONVERSION = YES;
				CLANG_WARN_INFINITE_RECURSION = YES;
				CLANG_WARN_INT_CONVERSION = YES;
				CLANG_WARN_OBJC_ROOT_CLASS = YES_ERROR;
				CLANG_WARN_SUSPICIOUS_MOVE = YES;
				CLANG_WARN_UNREACHABLE_CODE = YES;
				CLANG_WARN__DUPLICATE_METHOD_MATCH = YES;
				"CODE_SIGN_IDENTITY[sdk=iphoneos*]" = "iPhone Developer";
				COPY_PHASE_STRIP = NO;
				DEBUG_INFORMATION_FORMAT = "dwarf-with-dsym";
				ENABLE_NS_ASSERTIONS = NO;
				ENABLE_STRICT_OBJC_MSGSEND = YES;
				GCC_C_LANGUAGE_STANDARD = gnu99;
				GCC_NO_COMMON_BLOCKS = YES;
				GCC_WARN_64_TO_32_BIT_CONVERSION = YES;
				GCC_WARN_ABOUT_RETURN_TYPE = YES_ERROR;
				GCC_WARN_UNDECLARED_SELECTOR = YES;
				GCC_WARN_UNINITIALIZED_AUTOS = YES_AGGRESSIVE;
				GCC_WARN_UNUSED_FUNCTION = YES;
				GCC_WARN_UNUSED_VARIABLE = YES;
				IPHONEOS_DEPLOYMENT_TARGET = 8.0;
				MTL_ENABLE_DEBUG_INFO = NO;
				SDKROOT = iphoneos;
				VALIDATE_PRODUCT = YES;
			};
			name = Release;
		};
		28019CC61B5DEAD9009DBBB3 /* Debug */ = {
			isa = XCBuildConfiguration;
			buildSettings = {
				ASSETCATALOG_COMPILER_APPICON_NAME = AppIcon;
				ASSETCATALOG_COMPILER_LAUNCHIMAGE_NAME = LaunchImage;
				DEVELOPMENT_TEAM = ZU7UBYNYGR;
				FRAMEWORK_SEARCH_PATHS = "$(inherited)";
				GCC_PREFIX_HEADER = EALayoutLiteForOC/EALayoutLiteForOC.pch;
				INFOPLIST_FILE = EALayoutLiteForOC/Info.plist;
				IPHONEOS_DEPLOYMENT_TARGET = 8.0;
				LD_RUNPATH_SEARCH_PATHS = "$(inherited) @executable_path/Frameworks";
				OTHER_LDFLAGS = "-ObjC";
				PRODUCT_BUNDLE_IDENTIFIER = "top.easycoding.$(PRODUCT_NAME:rfc1034identifier)";
				PRODUCT_NAME = "$(TARGET_NAME)";
				TARGETED_DEVICE_FAMILY = "1,2";
			};
			name = Debug;
		};
		28019CC71B5DEAD9009DBBB3 /* Release */ = {
			isa = XCBuildConfiguration;
			buildSettings = {
				ASSETCATALOG_COMPILER_APPICON_NAME = AppIcon;
				ASSETCATALOG_COMPILER_LAUNCHIMAGE_NAME = LaunchImage;
				DEVELOPMENT_TEAM = ZU7UBYNYGR;
				FRAMEWORK_SEARCH_PATHS = "$(inherited)";
				GCC_PREFIX_HEADER = EALayoutLiteForOC/EALayoutLiteForOC.pch;
				INFOPLIST_FILE = EALayoutLiteForOC/Info.plist;
				IPHONEOS_DEPLOYMENT_TARGET = 8.0;
				LD_RUNPATH_SEARCH_PATHS = "$(inherited) @executable_path/Frameworks";
				OTHER_LDFLAGS = "-ObjC";
				PRODUCT_BUNDLE_IDENTIFIER = "top.easycoding.$(PRODUCT_NAME:rfc1034identifier)";
				PRODUCT_NAME = "$(TARGET_NAME)";
				TARGETED_DEVICE_FAMILY = "1,2";
			};
			name = Release;
		};
/* End XCBuildConfiguration section */

/* Begin XCConfigurationList section */
		28019C9D1B5DEAD9009DBBB3 /* Build configuration list for PBXProject "EALayoutLiteForOC" */ = {
			isa = XCConfigurationList;
			buildConfigurations = (
				28019CC31B5DEAD9009DBBB3 /* Debug */,
				28019CC41B5DEAD9009DBBB3 /* Release */,
			);
			defaultConfigurationIsVisible = 0;
			defaultConfigurationName = Release;
		};
		28019CC51B5DEAD9009DBBB3 /* Build configuration list for PBXNativeTarget "EALayoutLiteForOC" */ = {
			isa = XCConfigurationList;
			buildConfigurations = (
				28019CC61B5DEAD9009DBBB3 /* Debug */,
				28019CC71B5DEAD9009DBBB3 /* Release */,
			);
			defaultConfigurationIsVisible = 0;
			defaultConfigurationName = Release;
		};
/* End XCConfigurationList section */
	};
	rootObject = 28019C9A1B5DEAD9009DBBB3 /* Project object */;
}
